// !$*UTF8*$!
{
	archiveVersion = 1;
	classes = {
	};
	objectVersion = 46;
	objects = {

/* Begin PBXBuildFile section */
		37847F7119230910007304BA /* Foundation.framework in Frameworks */ = {isa = PBXBuildFile; fileRef = 37847F7019230910007304BA /* Foundation.framework */; };
		37847F7319230910007304BA /* CoreGraphics.framework in Frameworks */ = {isa = PBXBuildFile; fileRef = 37847F7219230910007304BA /* CoreGraphics.framework */; };
		37847F7519230910007304BA /* UIKit.framework in Frameworks */ = {isa = PBXBuildFile; fileRef = 37847F7419230910007304BA /* UIKit.framework */; };
		37847F7B19230910007304BA /* InfoPlist.strings in Resources */ = {isa = PBXBuildFile; fileRef = 37847F7919230910007304BA /* InfoPlist.strings */; };
		37847F7D19230910007304BA /* main.m in Sources */ = {isa = PBXBuildFile; fileRef = 37847F7C19230910007304BA /* main.m */; };
		37847F8119230910007304BA /* GHAppDelegate.m in Sources */ = {isa = PBXBuildFile; fileRef = 37847F8019230910007304BA /* GHAppDelegate.m */; };
		37847F8419230910007304BA /* Main_iPhone.storyboard in Resources */ = {isa = PBXBuildFile; fileRef = 37847F8219230910007304BA /* Main_iPhone.storyboard */; };
		37847F8719230910007304BA /* Main_iPad.storyboard in Resources */ = {isa = PBXBuildFile; fileRef = 37847F8519230910007304BA /* Main_iPad.storyboard */; };
		37847F8A19230910007304BA /* GHViewController.m in Sources */ = {isa = PBXBuildFile; fileRef = 37847F8919230910007304BA /* GHViewController.m */; };
		37847F8C19230910007304BA /* Images.xcassets in Resources */ = {isa = PBXBuildFile; fileRef = 37847F8B19230910007304BA /* Images.xcassets */; };
		37847F9319230910007304BA /* XCTest.framework in Frameworks */ = {isa = PBXBuildFile; fileRef = 37847F9219230910007304BA /* XCTest.framework */; };
		37847F9419230910007304BA /* Foundation.framework in Frameworks */ = {isa = PBXBuildFile; fileRef = 37847F7019230910007304BA /* Foundation.framework */; };
		37847F9519230910007304BA /* UIKit.framework in Frameworks */ = {isa = PBXBuildFile; fileRef = 37847F7419230910007304BA /* UIKit.framework */; };
		37847F9D19230910007304BA /* InfoPlist.strings in Resources */ = {isa = PBXBuildFile; fileRef = 37847F9B19230910007304BA /* InfoPlist.strings */; };
		37847F9F19230910007304BA /* Test2Tests.m in Sources */ = {isa = PBXBuildFile; fileRef = 37847F9E19230910007304BA /* Test2Tests.m */; };
/* End PBXBuildFile section */

/* Begin PBXContainerItemProxy section */
		37847F9619230910007304BA /* PBXContainerItemProxy */ = {
			isa = PBXContainerItemProxy;
			containerPortal = 37847F6519230910007304BA /* Project object */;
			proxyType = 1;
			remoteGlobalIDString = 37847F6C19230910007304BA;
			remoteInfo = Test2;
		};
/* End PBXContainerItemProxy section */

/* Begin PBXFileReference section */
		37847F6D19230910007304BA /* Test2.app */ = {isa = PBXFileReference; explicitFileType = wrapper.application; includeInIndex = 0; path = Test2.app; sourceTree = BUILT_PRODUCTS_DIR; };
		37847F7019230910007304BA /* Foundation.framework */ = {isa = PBXFileReference; lastKnownFileType = wrapper.framework; name = Foundation.framework; path = System/Library/Frameworks/Foundation.framework; sourceTree = SDKROOT; };
		37847F7219230910007304BA /* CoreGraphics.framework */ = {isa = PBXFileReference; lastKnownFileType = wrapper.framework; name = CoreGraphics.framework; path = System/Library/Frameworks/CoreGraphics.framework; sourceTree = SDKROOT; };
		37847F7419230910007304BA /* UIKit.framework */ = {isa = PBXFileReference; lastKnownFileType = wrapper.framework; name = UIKit.framework; path = System/Library/Frameworks/UIKit.framework; sourceTree = SDKROOT; };
		37847F7819230910007304BA /* Test2-Info.plist */ = {isa = PBXFileReference; lastKnownFileType = text.plist.xml; path = "Test2-Info.plist"; sourceTree = "<group>"; };
		37847F7A19230910007304BA /* en */ = {isa = PBXFileReference; lastKnownFileType = text.plist.strings; name = en; path = en.lproj/InfoPlist.strings; sourceTree = "<group>"; };
		37847F7C19230910007304BA /* main.m */ = {isa = PBXFileReference; lastKnownFileType = sourcecode.c.objc; path = main.m; sourceTree = "<group>"; };
		37847F7E19230910007304BA /* Test2-Prefix.pch */ = {isa = PBXFileReference; lastKnownFileType = sourcecode.c.h; path = "Test2-Prefix.pch"; sourceTree = "<group>"; };
		37847F7F19230910007304BA /* GHAppDelegate.h */ = {isa = PBXFileReference; lastKnownFileType = sourcecode.c.h; path = GHAppDelegate.h; sourceTree = "<group>"; };
		37847F8019230910007304BA /* GHAppDelegate.m */ = {isa = PBXFileReference; lastKnownFileType = sourcecode.c.objc; path = GHAppDelegate.m; sourceTree = "<group>"; };
		37847F8319230910007304BA /* Base */ = {isa = PBXFileReference; lastKnownFileType = file.storyboard; name = Base; path = Base.lproj/Main_iPhone.storyboard; sourceTree = "<group>"; };
		37847F8619230910007304BA /* Base */ = {isa = PBXFileReference; lastKnownFileType = file.storyboard; name = Base; path = Base.lproj/Main_iPad.storyboard; sourceTree = "<group>"; };
		37847F8819230910007304BA /* GHViewController.h */ = {isa = PBXFileReference; lastKnownFileType = sourcecode.c.h; path = GHViewController.h; sourceTree = "<group>"; };
		37847F8919230910007304BA /* GHViewController.m */ = {isa = PBXFileReference; lastKnownFileType = sourcecode.c.objc; path = GHViewController.m; sourceTree = "<group>"; };
		37847F8B19230910007304BA /* Images.xcassets */ = {isa = PBXFileReference; lastKnownFileType = folder.assetcatalog; path = Images.xcassets; sourceTree = "<group>"; };
		37847F9119230910007304BA /* Test2Tests.xctest */ = {isa = PBXFileReference; explicitFileType = wrapper.cfbundle; includeInIndex = 0; path = Test2Tests.xctest; sourceTree = BUILT_PRODUCTS_DIR; };
		37847F9219230910007304BA /* XCTest.framework */ = {isa = PBXFileReference; lastKnownFileType = wrapper.framework; name = XCTest.framework; path = Library/Frameworks/XCTest.framework; sourceTree = DEVELOPER_DIR; };
		37847F9A19230910007304BA /* Test2Tests-Info.plist */ = {isa = PBXFileReference; lastKnownFileType = text.plist.xml; path = "Test2Tests-Info.plist"; sourceTree = "<group>"; };
		37847F9C19230910007304BA /* en */ = {isa = PBXFileReference; lastKnownFileType = text.plist.strings; name = en; path = en.lproj/InfoPlist.strings; sourceTree = "<group>"; };
		37847F9E19230910007304BA /* Test2Tests.m */ = {isa = PBXFileReference; lastKnownFileType = sourcecode.c.objc; path = Test2Tests.m; sourceTree = "<group>"; };
/* End PBXFileReference section */

/* Begin PBXFrameworksBuildPhase section */
		37847F6A19230910007304BA /* Frameworks */ = {
			isa = PBXFrameworksBuildPhase;
			buildActionMask = 2147483647;
			files = (
				37847F7319230910007304BA /* CoreGraphics.framework in Frameworks */,
				37847F7519230910007304BA /* UIKit.framework in Frameworks */,
				37847F7119230910007304BA /* Foundation.framework in Frameworks */,
			);
			runOnlyForDeploymentPostprocessing = 0;
		};
		37847F8E19230910007304BA /* Frameworks */ = {
			isa = PBXFrameworksBuildPhase;
			buildActionMask = 2147483647;
			files = (
				37847F9319230910007304BA /* XCTest.framework in Frameworks */,
				37847F9519230910007304BA /* UIKit.framework in Frameworks */,
				37847F9419230910007304BA /* Foundation.framework in Frameworks */,
			);
			runOnlyForDeploymentPostprocessing = 0;
		};
/* End PBXFrameworksBuildPhase section */

/* Begin PBXGroup section */
		37847F6419230910007304BA = {
			isa = PBXGroup;
			children = (
				37847F7619230910007304BA /* Test2 */,
				37847F9819230910007304BA /* Test2Tests */,
				37847F6F19230910007304BA /* Frameworks */,
				37847F6E19230910007304BA /* Products */,
			);
			sourceTree = "<group>";
		};
		37847F6E19230910007304BA /* Products */ = {
			isa = PBXGroup;
			children = (
				37847F6D19230910007304BA /* Test2.app */,
				37847F9119230910007304BA /* Test2Tests.xctest */,
			);
			name = Products;
			sourceTree = "<group>";
		};
		37847F6F19230910007304BA /* Frameworks */ = {
			isa = PBXGroup;
			children = (
				37847F7019230910007304BA /* Foundation.framework */,
				37847F7219230910007304BA /* CoreGraphics.framework */,
				37847F7419230910007304BA /* UIKit.framework */,
				37847F9219230910007304BA /* XCTest.framework */,
			);
			name = Frameworks;
			sourceTree = "<group>";
		};
		37847F7619230910007304BA /* Test2 */ = {
			isa = PBXGroup;
			children = (
				37847F7F19230910007304BA /* GHAppDelegate.h */,
				37847F8019230910007304BA /* GHAppDelegate.m */,
				37847F8219230910007304BA /* Main_iPhone.storyboard */,
				37847F8519230910007304BA /* Main_iPad.storyboard */,
				37847F8819230910007304BA /* GHViewController.h */,
				37847F8919230910007304BA /* GHViewController.m */,
				37847F8B19230910007304BA /* Images.xcassets */,
				37847F7719230910007304BA /* Supporting Files */,
			);
			path = Test2;
			sourceTree = "<group>";
		};
		37847F7719230910007304BA /* Supporting Files */ = {
			isa = PBXGroup;
			children = (
				37847F7819230910007304BA /* Test2-Info.plist */,
				37847F7919230910007304BA /* InfoPlist.strings */,
				37847F7C19230910007304BA /* main.m */,
				37847F7E19230910007304BA /* Test2-Prefix.pch */,
			);
			name = "Supporting Files";
			sourceTree = "<group>";
		};
		37847F9819230910007304BA /* Test2Tests */ = {
			isa = PBXGroup;
			children = (
				37847F9E19230910007304BA /* Test2Tests.m */,
				37847F9919230910007304BA /* Supporting Files */,
			);
			path = Test2Tests;
			sourceTree = "<group>";
		};
		37847F9919230910007304BA /* Supporting Files */ = {
			isa = PBXGroup;
			children = (
				37847F9A19230910007304BA /* Test2Tests-Info.plist */,
				37847F9B19230910007304BA /* InfoPlist.strings */,
			);
			name = "Supporting Files";
			sourceTree = "<group>";
		};
/* End PBXGroup section */

/* Begin PBXNativeTarget section */
		37847F6C19230910007304BA /* Test2 */ = {
			isa = PBXNativeTarget;
			buildConfigurationList = 37847FA219230910007304BA /* Build configuration list for PBXNativeTarget "Test2" */;
			buildPhases = (
				37847F6919230910007304BA /* Sources */,
				37847F6A19230910007304BA /* Frameworks */,
				37847F6B19230910007304BA /* Resources */,
			);
			buildRules = (
			);
			dependencies = (
			);
			name = Test2;
			productName = Test2;
			productReference = 37847F6D19230910007304BA /* Test2.app */;
			productType = "com.apple.product-type.application";
		};
		37847F9019230910007304BA /* Test2Tests */ = {
			isa = PBXNativeTarget;
			buildConfigurationList = 37847FA519230910007304BA /* Build configuration list for PBXNativeTarget "Test2Tests" */;
			buildPhases = (
				37847F8D19230910007304BA /* Sources */,
				37847F8E19230910007304BA /* Frameworks */,
				37847F8F19230910007304BA /* Resources */,
			);
			buildRules = (
			);
			dependencies = (
				37847F9719230910007304BA /* PBXTargetDependency */,
			);
			name = Test2Tests;
			productName = Test2Tests;
			productReference = 37847F9119230910007304BA /* Test2Tests.xctest */;
			productType = "com.apple.product-type.bundle.unit-test";
		};
/* End PBXNativeTarget section */

/* Begin PBXProject section */
		37847F6519230910007304BA /* Project object */ = {
			isa = PBXProject;
			attributes = {
				CLASSPREFIX = GH;
				LastUpgradeCheck = 0510;
				ORGANIZATIONNAME = A;
				TargetAttributes = {
					37847F9019230910007304BA = {
						TestTargetID = 37847F6C19230910007304BA;
					};
				};
			};
			buildConfigurationList = 37847F6819230910007304BA /* Build configuration list for PBXProject "Test2" */;
			compatibilityVersion = "Xcode 3.2";
			developmentRegion = English;
			hasScannedForEncodings = 0;
			knownRegions = (
				en,
				Base,
			);
			mainGroup = 37847F6419230910007304BA;
			productRefGroup = 37847F6E19230910007304BA /* Products */;
			projectDirPath = "";
			projectRoot = "";
			targets = (
				37847F6C19230910007304BA /* Test2 */,
				37847F9019230910007304BA /* Test2Tests */,
			);
		};
/* End PBXProject section */

/* Begin PBXResourcesBuildPhase section */
		37847F6B19230910007304BA /* Resources */ = {
			isa = PBXResourcesBuildPhase;
			buildActionMask = 2147483647;
			files = (
				37847F8719230910007304BA /* Main_iPad.storyboard in Resources */,
				37847F8C19230910007304BA /* Images.xcassets in Resources */,
				37847F8419230910007304BA /* Main_iPhone.storyboard in Resources */,
				37847F7B19230910007304BA /* InfoPlist.strings in Resources */,
			);
			runOnlyForDeploymentPostprocessing = 0;
		};
		37847F8F19230910007304BA /* Resources */ = {
			isa = PBXResourcesBuildPhase;
			buildActionMask = 2147483647;
			files = (
				37847F9D19230910007304BA /* InfoPlist.strings in Resources */,
			);
			runOnlyForDeploymentPostprocessing = 0;
		};
/* End PBXResourcesBuildPhase section */

/* Begin PBXSourcesBuildPhase section */
		37847F6919230910007304BA /* Sources */ = {
			isa = PBXSourcesBuildPhase;
			buildActionMask = 2147483647;
			files = (
				37847F7D19230910007304BA /* main.m in Sources */,
				37847F8A19230910007304BA /* GHViewController.m in Sources */,
				37847F8119230910007304BA /* GHAppDelegate.m in Sources */,
			);
			runOnlyForDeploymentPostprocessing = 0;
		};
		37847F8D19230910007304BA /* Sources */ = {
			isa = PBXSourcesBuildPhase;
			buildActionMask = 2147483647;
			files = (
				37847F9F19230910007304BA /* Test2Tests.m in Sources */,
			);
			runOnlyForDeploymentPostprocessing = 0;
		};
/* End PBXSourcesBuildPhase section */

/* Begin PBXTargetDependency section */
		37847F9719230910007304BA /* PBXTargetDependency */ = {
			isa = PBXTargetDependency;
			target = 37847F6C19230910007304BA /* Test2 */;
			targetProxy = 37847F9619230910007304BA /* PBXContainerItemProxy */;
		};
/* End PBXTargetDependency section */

/* Begin PBXVariantGroup section */
		37847F7919230910007304BA /* InfoPlist.strings */ = {
			isa = PBXVariantGroup;
			children = (
				37847F7A19230910007304BA /* en */,
			);
			name = InfoPlist.strings;
			sourceTree = "<group>";
		};
		37847F8219230910007304BA /* Main_iPhone.storyboard */ = {
			isa = PBXVariantGroup;
			children = (
				37847F8319230910007304BA /* Base */,
			);
			name = Main_iPhone.storyboard;
			sourceTree = "<group>";
		};
		37847F8519230910007304BA /* Main_iPad.storyboard */ = {
			isa = PBXVariantGroup;
			children = (
				37847F8619230910007304BA /* Base */,
			);
			name = Main_iPad.storyboard;
			sourceTree = "<group>";
		};
		37847F9B19230910007304BA /* InfoPlist.strings */ = {
			isa = PBXVariantGroup;
			children = (
				37847F9C19230910007304BA /* en */,
			);
			name = InfoPlist.strings;
			sourceTree = "<group>";
		};
/* End PBXVariantGroup section */

/* Begin XCBuildConfiguration section */
		37847FA019230910007304BA /* Debug */ = {
			isa = XCBuildConfiguration;
			buildSettings = {
				ALWAYS_SEARCH_USER_PATHS = NO;
				CLANG_CXX_LANGUAGE_STANDARD = "gnu++0x";
				CLANG_CXX_LIBRARY = "libc++";
				CLANG_ENABLE_MODULES = YES;
				CLANG_ENABLE_OBJC_ARC = YES;
				CLANG_WARN_BOOL_CONVERSION = YES;
				CLANG_WARN_CONSTANT_CONVERSION = YES;
				CLANG_WARN_DIRECT_OBJC_ISA_USAGE = YES_ERROR;
				CLANG_WARN_EMPTY_BODY = YES;
				CLANG_WARN_ENUM_CONVERSION = YES;
				CLANG_WARN_INT_CONVERSION = YES;
				CLANG_WARN_OBJC_ROOT_CLASS = YES_ERROR;
				CLANG_WARN__DUPLICATE_METHOD_MATCH = YES;
				"CODE_SIGN_IDENTITY[sdk=iphoneos*]" = "iPhone Developer";
				COPY_PHASE_STRIP = NO;
				GCC_C_LANGUAGE_STANDARD = gnu99;
				GCC_DYNAMIC_NO_PIC = NO;
				GCC_OPTIMIZATION_LEVEL = 0;
				GCC_PREPROCESSOR_DEFINITIONS = (
					"DEBUG=1",
					"$(inherited)",
				);
				GCC_SYMBOLS_PRIVATE_EXTERN = NO;
				GCC_WARN_64_TO_32_BIT_CONVERSION = YES;
				GCC_WARN_ABOUT_RETURN_TYPE = YES_ERROR;
				GCC_WARN_UNDECLARED_SELECTOR = YES;
				GCC_WARN_UNINITIALIZED_AUTOS = YES_AGGRESSIVE;
				GCC_WARN_UNUSED_FUNCTION = YES;
				GCC_WARN_UNUSED_VARIABLE = YES;
				IPHONEOS_DEPLOYMENT_TARGET = 7.1;
				ONLY_ACTIVE_ARCH = YES;
				SDKROOT = iphoneos;
				TARGETED_DEVICE_FAMILY = "1,2";
			};
			name = Debug;
		};
		37847FA119230910007304BA /* Release */ = {
			isa = XCBuildConfiguration;
			buildSettings = {
				ALWAYS_SEARCH_USER_PATHS = NO;
				CLANG_CXX_LANGUAGE_STANDARD = "gnu++0x";
				CLANG_CXX_LIBRARY = "libc++";
				CLANG_ENABLE_MODULES = YES;
				CLANG_ENABLE_OBJC_ARC = YES;
				CLANG_WARN_BOOL_CONVERSION = YES;
				CLANG_WARN_CONSTANT_CONVERSION = YES;
				CLANG_WARN_DIRECT_OBJC_ISA_USAGE = YES_ERROR;
				CLANG_WARN_EMPTY_BODY = YES;
				CLANG_WARN_ENUM_CONVERSION = YES;
				CLANG_WARN_INT_CONVERSION = YES;
				CLANG_WARN_OBJC_ROOT_CLASS = YES_ERROR;
				CLANG_WARN__DUPLICATE_METHOD_MATCH = YES;
				"CODE_SIGN_IDENTITY[sdk=iphoneos*]" = "iPhone Developer";
				COPY_PHASE_STRIP = YES;
				ENABLE_NS_ASSERTIONS = NO;
				GCC_C_LANGUAGE_STANDARD = gnu99;
				GCC_WARN_64_TO_32_BIT_CONVERSION = YES;
				GCC_WARN_ABOUT_RETURN_TYPE = YES_ERROR;
				GCC_WARN_UNDECLARED_SELECTOR = YES;
				GCC_WARN_UNINITIALIZED_AUTOS = YES_AGGRESSIVE;
				GCC_WARN_UNUSED_FUNCTION = YES;
				GCC_WARN_UNUSED_VARIABLE = YES;
				IPHONEOS_DEPLOYMENT_TARGET = 7.1;
				SDKROOT = iphoneos;
				TARGETED_DEVICE_FAMILY = "1,2";
				VALIDATE_PRODUCT = YES;
			};
			name = Release;
		};
		37847FA319230910007304BA /* Debug */ = {
			isa = XCBuildConfiguration;
			buildSettings = {
				ASSETCATALOG_COMPILER_APPICON_NAME = AppIcon;
				ASSETCATALOG_COMPILER_LAUNCHIMAGE_NAME = LaunchImage;
				GCC_PRECOMPILE_PREFIX_HEADER = YES;
				GCC_PREFIX_HEADER = "Test2/Test2-Prefix.pch";
				INFOPLIST_FILE = "Test2/Test2-Info.plist";
				PRODUCT_NAME = "$(TARGET_NAME)";
				WRAPPER_EXTENSION = app;
			};
			name = Debug;
		};
		37847FA419230910007304BA /* Release */ = {
			isa = XCBuildConfiguration;
			buildSettings = {
				ASSETCATALOG_COMPILER_APPICON_NAME = AppIcon;
				ASSETCATALOG_COMPILER_LAUNCHIMAGE_NAME = LaunchImage;
				GCC_PRECOMPILE_PREFIX_HEADER = YES;
				GCC_PREFIX_HEADER = "Test2/Test2-Prefix.pch";
				INFOPLIST_FILE = "Test2/Test2-Info.plist";
				PRODUCT_NAME = "$(TARGET_NAME)";
				WRAPPER_EXTENSION = app;
			};
			name = Release;
		};
		37847FA619230910007304BA /* Debug */ = {
			isa = XCBuildConfiguration;
			buildSettings = {
				BUNDLE_LOADER = "$(BUILT_PRODUCTS_DIR)/Test2.app/Test2";
				FRAMEWORK_SEARCH_PATHS = (
					"$(SDKROOT)/Developer/Library/Frameworks",
					"$(inherited)",
					"$(DEVELOPER_FRAMEWORKS_DIR)",
				);
				GCC_PRECOMPILE_PREFIX_HEADER = YES;
				GCC_PREFIX_HEADER = "Test2/Test2-Prefix.pch";
				GCC_PREPROCESSOR_DEFINITIONS = (
					"DEBUG=1",
					"$(inherited)",
				);
				INFOPLIST_FILE = "Test2Tests/Test2Tests-Info.plist";
				PRODUCT_NAME = "$(TARGET_NAME)";
				TEST_HOST = "$(BUNDLE_LOADER)";
				WRAPPER_EXTENSION = xctest;
			};
			name = Debug;
		};
		37847FA719230910007304BA /* Release */ = {
			isa = XCBuildConfiguration;
			buildSettings = {
				BUNDLE_LOADER = "$(BUILT_PRODUCTS_DIR)/Test2.app/Test2";
				FRAMEWORK_SEARCH_PATHS = (
					"$(SDKROOT)/Developer/Library/Frameworks",
					"$(inherited)",
					"$(DEVELOPER_FRAMEWORKS_DIR)",
				);
				GCC_PRECOMPILE_PREFIX_HEADER = YES;
				GCC_PREFIX_HEADER = "Test2/Test2-Prefix.pch";
				INFOPLIST_FILE = "Test2Tests/Test2Tests-Info.plist";
				PRODUCT_NAME = "$(TARGET_NAME)";
				TEST_HOST = "$(BUNDLE_LOADER)";
				WRAPPER_EXTENSION = xctest;
			};
			name = Release;
		};
/* End XCBuildConfiguration section */

/* Begin XCConfigurationList section */
		37847F6819230910007304BA /* Build configuration list for PBXProject "Test2" */ = {
			isa = XCConfigurationList;
			buildConfigurations = (
				37847FA019230910007304BA /* Debug */,
				37847FA119230910007304BA /* Release */,
			);
			defaultConfigurationIsVisible = 0;
			defaultConfigurationName = Release;
		};
		37847FA219230910007304BA /* Build configuration list for PBXNativeTarget "Test2" */ = {
			isa = XCConfigurationList;
			buildConfigurations = (
				37847FA319230910007304BA /* Debug */,
				37847FA419230910007304BA /* Release */,
			);
			defaultConfigurationIsVisible = 0;
		};
		37847FA519230910007304BA /* Build configuration list for PBXNativeTarget "Test2Tests" */ = {
			isa = XCConfigurationList;
			buildConfigurations = (
				37847FA619230910007304BA /* Debug */,
				37847FA719230910007304BA /* Release */,
			);
			defaultConfigurationIsVisible = 0;
		};
/* End XCConfigurationList section */
	};
	rootObject = 37847F6519230910007304BA /* Project object */;
}
